
Microsoft Visual Studio Solution File, Format Version 12.00
# Visual Studio Version 17
VisualStudioVersion = 17.10.35004.147
MinimumVisualStudioVersion = 10.0.40219.1
Project("{9A19103F-16F7-4668-BE54-9A1E7A4F7556}") = "ApplicationManagementSystem", "ApplicationManagementSystem\ApplicationManagementSystem.csproj", "{4E3CB012-5975-4E5E-BB27-E0C9D40B1553}"
EndProject
Global
	GlobalSection(SolutionConfigurationPlatforms) = preSolution
		Debug|Any CPU = Debug|Any CPU
		Release|Any CPU = Release|Any CPU
	EndGlobalSection
	GlobalSection(ProjectConfigurationPlatforms) = postSolution
		{4E3CB012-5975-4E5E-BB27-E0C9D40B1553}.Debug|Any CPU.ActiveCfg = Debug|Any CPU
		{4E3CB012-5975-4E5E-BB27-E0C9D40B1553}.Debug|Any CPU.Build.0 = Debug|Any CPU
		{4E3CB012-5975-4E5E-BB27-E0C9D40B1553}.Release|Any CPU.ActiveCfg = Release|Any CPU
		{4E3CB012-5975-4E5E-BB27-E0C9D40B1553}.Release|Any CPU.Build.0 = Release|Any CPU
	EndGlobalSection
	GlobalSection(SolutionProperties) = preSolution
		HideSolutionNode = FALSE
	EndGlobalSection
	GlobalSection(ExtensibilityGlobals) = postSolution
		SolutionGuid = {927AC3FC-C0E0-4FEF-A4A1-D0493956E0C8}
	EndGlobalSection
EndGlobal
